
Microsoft Visual Studio Solution File, Format Version 12.00
# Visual Studio Version 17
VisualStudioVersion = 17.3.32825.248
MinimumVisualStudioVersion = 10.0.40219.1
Project("{FAE04EC0-301F-11D3-BF4B-00C04F79EFBC}") = "ConsoleApp1", "ConsoleApp1\ConsoleApp1.csproj", "{DCC10029-0BDD-4121-BA64-B0196B3297CC}"
EndProject
Project("{FAE04EC0-301F-11D3-BF4B-00C04F79EFBC}") = "ConsoleApp2", "ConsoleApp2\ConsoleApp2.csproj", "{48808162-07FC-47C8-97C0-2595DEFC205E}"
EndProject
Project("{FAE04EC0-301F-11D3-BF4B-00C04F79EFBC}") = "ConsoleApp3", "ConsoleApp3\ConsoleApp3.csproj", "{B459910C-3B9C-43FC-BC29-FE9914CC84E7}"
EndProject
Global
	GlobalSection(SolutionConfigurationPlatforms) = preSolution
		Debug|Any CPU = Debug|Any CPU
		Release|Any CPU = Release|Any CPU
	EndGlobalSection
	GlobalSection(ProjectConfigurationPlatforms) = postSolution
		{DCC10029-0BDD-4121-BA64-B0196B3297CC}.Debug|Any CPU.ActiveCfg = Debug|Any CPU
		{DCC10029-0BDD-4121-BA64-B0196B3297CC}.Debug|Any CPU.Build.0 = Debug|Any CPU
		{DCC10029-0BDD-4121-BA64-B0196B3297CC}.Release|Any CPU.ActiveCfg = Release|Any CPU
		{DCC10029-0BDD-4121-BA64-B0196B3297CC}.Release|Any CPU.Build.0 = Release|Any CPU
		{48808162-07FC-47C8-97C0-2595DEFC205E}.Debug|Any CPU.ActiveCfg = Debug|Any CPU
		{48808162-07FC-47C8-97C0-2595DEFC205E}.Debug|Any CPU.Build.0 = Debug|Any CPU
		{48808162-07FC-47C8-97C0-2595DEFC205E}.Release|Any CPU.ActiveCfg = Release|Any CPU
		{48808162-07FC-47C8-97C0-2595DEFC205E}.Release|Any CPU.Build.0 = Release|Any CPU
		{B459910C-3B9C-43FC-BC29-FE9914CC84E7}.Debug|Any CPU.ActiveCfg = Debug|Any CPU
		{B459910C-3B9C-43FC-BC29-FE9914CC84E7}.Debug|Any CPU.Build.0 = Debug|Any CPU
		{B459910C-3B9C-43FC-BC29-FE9914CC84E7}.Release|Any CPU.ActiveCfg = Release|Any CPU
		{B459910C-3B9C-43FC-BC29-FE9914CC84E7}.Release|Any CPU.Build.0 = Release|Any CPU
	EndGlobalSection
	GlobalSection(SolutionProperties) = preSolution
		HideSolutionNode = FALSE
	EndGlobalSection
	GlobalSection(ExtensibilityGlobals) = postSolution
		SolutionGuid = {41CB8FB7-8357-4F01-A683-FFD1F2B962FC}
	EndGlobalSection
EndGlobal
